
Microsoft Visual Studio Solution File, Format Version 12.00
# Visual Studio Version 16
VisualStudioVersion = 16.0.31624.102
MinimumVisualStudioVersion = 10.0.40219.1
Project("{FAE04EC0-301F-11D3-BF4B-00C04F79EFBC}") = "Conjugation of Verbs", "Conjugation of Verbs\Conjugation of Verbs.csproj", "{D99F5361-F3B8-435F-8B8C-60C4F35B379F}"
EndProject
Global
	GlobalSection(SolutionConfigurationPlatforms) = preSolution
		Debug|Any CPU = Debug|Any CPU
		Release|Any CPU = Release|Any CPU
	EndGlobalSection
	GlobalSection(ProjectConfigurationPlatforms) = postSolution
		{D99F5361-F3B8-435F-8B8C-60C4F35B379F}.Debug|Any CPU.ActiveCfg = Debug|Any CPU
		{D99F5361-F3B8-435F-8B8C-60C4F35B379F}.Debug|Any CPU.Build.0 = Debug|Any CPU
		{D99F5361-F3B8-435F-8B8C-60C4F35B379F}.Release|Any CPU.ActiveCfg = Release|Any CPU
		{D99F5361-F3B8-435F-8B8C-60C4F35B379F}.Release|Any CPU.Build.0 = Release|Any CPU
	EndGlobalSection
	GlobalSection(SolutionProperties) = preSolution
		HideSolutionNode = FALSE
	EndGlobalSection
	GlobalSection(ExtensibilityGlobals) = postSolution
		SolutionGuid = {D170A191-CC33-4AE4-890C-060C86730E18}
	EndGlobalSection
EndGlobal
